
Microsoft Visual Studio Solution File, Format Version 12.00
# Visual Studio 15
VisualStudioVersion = 15.0.26124.0
MinimumVisualStudioVersion = 15.0.26124.0
Project("{FAE04EC0-301F-11D3-BF4B-00C04F79EFBC}") = "Hello", "1_Hello\Hello.csproj", "{59E20D5D-BBCB-4D3A-A653-3352B644FDBC}"
EndProject
Project("{FAE04EC0-301F-11D3-BF4B-00C04F79EFBC}") = "2_CountingCharacters", "2_CountingCharacters\2_CountingCharacters.csproj", "{5A2348BE-913D-43B6-94F9-DDF354BCA7A7}"
EndProject
Project("{FAE04EC0-301F-11D3-BF4B-00C04F79EFBC}") = "3_PrintingQuotes", "3_PrintingQuotes\3_PrintingQuotes.csproj", "{86D2A488-C413-41B6-BC13-771AE7338D91}"
EndProject
Project("{FAE04EC0-301F-11D3-BF4B-00C04F79EFBC}") = "4_MadLib", "4_MadLib\4_MadLib.csproj", "{7837AED8-5421-415E-9573-99F8E3D53C68}"
EndProject
Project("{FAE04EC0-301F-11D3-BF4B-00C04F79EFBC}") = "5_SimpleMath", "5_SimpleMath\5_SimpleMath.csproj", "{039E86CF-A179-4157-ADD7-62118456FCEC}"
EndProject
Project("{FAE04EC0-301F-11D3-BF4B-00C04F79EFBC}") = "6_RetirementCalculator", "6_RetirementCalculator\6_RetirementCalculator.csproj", "{3917B5FB-1727-4221-837F-C3F444557232}"
EndProject
Project("{FAE04EC0-301F-11D3-BF4B-00C04F79EFBC}") = "7_AreaOfRoom", "7_AreaOfRoom\7_AreaOfRoom.csproj", "{68AFE617-D632-44A6-806A-9FCCCB2384E6}"
EndProject
Project("{FAE04EC0-301F-11D3-BF4B-00C04F79EFBC}") = "8_PizzaParty", "8_PizzaParty\8_PizzaParty.csproj", "{DDEF51B8-541A-4B2E-8FC4-4BD0985FB184}"
EndProject
Project("{FAE04EC0-301F-11D3-BF4B-00C04F79EFBC}") = "9_PaintCalculator", "9_PaintCalculator\9_PaintCalculator.csproj", "{E634BF95-B35B-4AE5-8BAF-BD711F2B8F6F}"
EndProject
Project("{FAE04EC0-301F-11D3-BF4B-00C04F79EFBC}") = "11_CurrencyConversion", "11_CurrencyConversion\11_CurrencyConversion.csproj", "{48262A50-74DB-4A34-87FB-3BF85D124F50}"
EndProject
Project("{FAE04EC0-301F-11D3-BF4B-00C04F79EFBC}") = "12_SimpleInterest", "12_SimpleInterest\12_SimpleInterest.csproj", "{C3364877-D4AB-451D-9FDF-D94AF7E0E6D4}"
EndProject
Project("{FAE04EC0-301F-11D3-BF4B-00C04F79EFBC}") = "13_CompoundInterest", "13_CompoundInterest\13_CompoundInterest.csproj", "{9377B91D-9414-4EDC-A61E-0C8449AAF19D}"
EndProject
Project("{FAE04EC0-301F-11D3-BF4B-00C04F79EFBC}") = "14_TaxCalculator", "14_TaxCalculator\14_TaxCalculator.csproj", "{7F6403C0-B94E-4A32-BC75-0706E771262D}"
EndProject
Project("{FAE04EC0-301F-11D3-BF4B-00C04F79EFBC}") = "15_PasswordValidation", "15_PasswordValidation\15_PasswordValidation.csproj", "{015CA5D9-94EC-4865-B622-0161B031D437}"
EndProject
Project("{FAE04EC0-301F-11D3-BF4B-00C04F79EFBC}") = "16_LegalDrivingAge", "16_LegalDrivingAge\16_LegalDrivingAge.csproj", "{09270884-F77C-46BD-A4AC-26C780B1A030}"
EndProject
Project("{FAE04EC0-301F-11D3-BF4B-00C04F79EFBC}") = "17_BloodAlcoholCalculator", "17_BloodAlcoholCalculator\17_BloodAlcoholCalculator.csproj", "{F54726CE-944A-4643-B42C-EBA1D7748CEB}"
EndProject
Project("{FAE04EC0-301F-11D3-BF4B-00C04F79EFBC}") = "18_TemperatureConverter", "18_TemperatureConverter\18_TemperatureConverter.csproj", "{DDB2C3CF-21EA-49AB-9B39-B8718F5012B9}"
EndProject
Project("{FAE04EC0-301F-11D3-BF4B-00C04F79EFBC}") = "18_WithKelvin", "18_WithKelvin\18_WithKelvin.csproj", "{A9812B3E-8E15-4422-811C-092C8D578377}"
EndProject
Project("{FAE04EC0-301F-11D3-BF4B-00C04F79EFBC}") = "19_BmiCalculator", "19_BmiCalculator\19_BmiCalculator.csproj", "{D26E3B0F-0C31-4644-9141-D32FD95613D6}"
EndProject
Project("{FAE04EC0-301F-11D3-BF4B-00C04F79EFBC}") = "20_MultistateSalesTaxCalculator", "20_MultistateSalesTaxCalculator\20_MultistateSalesTaxCalculator.csproj", "{D1B52955-80F9-4942-86A1-56C927BCD253}"
EndProject
Project("{FAE04EC0-301F-11D3-BF4B-00C04F79EFBC}") = "21_NumbersToNames", "21_NumbersToNames\21_NumbersToNames.csproj", "{9E1EB551-CBF5-4566-B5B6-9A7A8561ADC6}"
EndProject
Project("{FAE04EC0-301F-11D3-BF4B-00C04F79EFBC}") = "22_ComparingNumbers", "22_ComparingNumbers\22_ComparingNumbers.csproj", "{08F7E22A-B593-47C9-AD35-A0BD9C104B30}"
EndProject
Project("{FAE04EC0-301F-11D3-BF4B-00C04F79EFBC}") = "23_TroubleshootingCarIssues", "23_TroubleshootingCarIssues\23_TroubleshootingCarIssues.csproj", "{1C854697-5B2F-4D0F-A8E6-B7E1D3E1D91F}"
EndProject
Project("{FAE04EC0-301F-11D3-BF4B-00C04F79EFBC}") = "24_AnagramChecker", "24_AnagramChecker\24_AnagramChecker.csproj", "{354307E3-B9A7-422C-8718-D2117066B771}"
EndProject
Project("{FAE04EC0-301F-11D3-BF4B-00C04F79EFBC}") = "25_PasswordStrength", "25_PasswordStrength\25_PasswordStrength.csproj", "{FF2B58BB-277E-46D6-B4C9-3D4255AC41C3}"
EndProject
Project("{FAE04EC0-301F-11D3-BF4B-00C04F79EFBC}") = "26_MonthsToPayOfaCreditCard", "26_MonthsToPayOfaCreditCard\26_MonthsToPayOfaCreditCard.csproj", "{1D9A5903-2720-4B43-90F8-F07C834D7B31}"
EndProject
Project("{FAE04EC0-301F-11D3-BF4B-00C04F79EFBC}") = "27_ValidatingInputs", "27_ValidatingInputs\27_ValidatingInputs.csproj", "{8C1D21E5-3BF1-4634-8A41-ECD3C88E8A00}"
EndProject
Project("{FAE04EC0-301F-11D3-BF4B-00C04F79EFBC}") = "30_MultiplicationTable", "30_MultiplicationTable\30_MultiplicationTable.csproj", "{AB7299B6-82F2-417E-97E7-12A5E67F0405}"
EndProject
Project("{FAE04EC0-301F-11D3-BF4B-00C04F79EFBC}") = "33_Magic_8_ball", "33_Magic_8_ball\33_Magic_8_ball.csproj", "{A46E083A-73D0-489F-9F36-88FD9B8C8A35}"
EndProject
Project("{FAE04EC0-301F-11D3-BF4B-00C04F79EFBC}") = "34_EmployeeListRemoval", "34_EmployeeListRemoval\34_EmployeeListRemoval.csproj", "{B7350F56-75D2-42B2-96BC-CB3C57605DBF}"
EndProject
Global
	GlobalSection(SolutionConfigurationPlatforms) = preSolution
		Debug|Any CPU = Debug|Any CPU
		Debug|x64 = Debug|x64
		Debug|x86 = Debug|x86
		Release|Any CPU = Release|Any CPU
		Release|x64 = Release|x64
		Release|x86 = Release|x86
	EndGlobalSection
	GlobalSection(SolutionProperties) = preSolution
		HideSolutionNode = FALSE
	EndGlobalSection
	GlobalSection(ProjectConfigurationPlatforms) = postSolution
		{59E20D5D-BBCB-4D3A-A653-3352B644FDBC}.Debug|Any CPU.ActiveCfg = Debug|Any CPU
		{59E20D5D-BBCB-4D3A-A653-3352B644FDBC}.Debug|Any CPU.Build.0 = Debug|Any CPU
		{59E20D5D-BBCB-4D3A-A653-3352B644FDBC}.Debug|x64.ActiveCfg = Debug|Any CPU
		{59E20D5D-BBCB-4D3A-A653-3352B644FDBC}.Debug|x64.Build.0 = Debug|Any CPU
		{59E20D5D-BBCB-4D3A-A653-3352B644FDBC}.Debug|x86.ActiveCfg = Debug|Any CPU
		{59E20D5D-BBCB-4D3A-A653-3352B644FDBC}.Debug|x86.Build.0 = Debug|Any CPU
		{59E20D5D-BBCB-4D3A-A653-3352B644FDBC}.Release|Any CPU.ActiveCfg = Release|Any CPU
		{59E20D5D-BBCB-4D3A-A653-3352B644FDBC}.Release|Any CPU.Build.0 = Release|Any CPU
		{59E20D5D-BBCB-4D3A-A653-3352B644FDBC}.Release|x64.ActiveCfg = Release|Any CPU
		{59E20D5D-BBCB-4D3A-A653-3352B644FDBC}.Release|x64.Build.0 = Release|Any CPU
		{59E20D5D-BBCB-4D3A-A653-3352B644FDBC}.Release|x86.ActiveCfg = Release|Any CPU
		{59E20D5D-BBCB-4D3A-A653-3352B644FDBC}.Release|x86.Build.0 = Release|Any CPU
		{5A2348BE-913D-43B6-94F9-DDF354BCA7A7}.Debug|Any CPU.ActiveCfg = Debug|Any CPU
		{5A2348BE-913D-43B6-94F9-DDF354BCA7A7}.Debug|Any CPU.Build.0 = Debug|Any CPU
		{5A2348BE-913D-43B6-94F9-DDF354BCA7A7}.Debug|x64.ActiveCfg = Debug|Any CPU
		{5A2348BE-913D-43B6-94F9-DDF354BCA7A7}.Debug|x64.Build.0 = Debug|Any CPU
		{5A2348BE-913D-43B6-94F9-DDF354BCA7A7}.Debug|x86.ActiveCfg = Debug|Any CPU
		{5A2348BE-913D-43B6-94F9-DDF354BCA7A7}.Debug|x86.Build.0 = Debug|Any CPU
		{5A2348BE-913D-43B6-94F9-DDF354BCA7A7}.Release|Any CPU.ActiveCfg = Release|Any CPU
		{5A2348BE-913D-43B6-94F9-DDF354BCA7A7}.Release|Any CPU.Build.0 = Release|Any CPU
		{5A2348BE-913D-43B6-94F9-DDF354BCA7A7}.Release|x64.ActiveCfg = Release|Any CPU
		{5A2348BE-913D-43B6-94F9-DDF354BCA7A7}.Release|x64.Build.0 = Release|Any CPU
		{5A2348BE-913D-43B6-94F9-DDF354BCA7A7}.Release|x86.ActiveCfg = Release|Any CPU
		{5A2348BE-913D-43B6-94F9-DDF354BCA7A7}.Release|x86.Build.0 = Release|Any CPU
		{86D2A488-C413-41B6-BC13-771AE7338D91}.Debug|Any CPU.ActiveCfg = Debug|Any CPU
		{86D2A488-C413-41B6-BC13-771AE7338D91}.Debug|Any CPU.Build.0 = Debug|Any CPU
		{86D2A488-C413-41B6-BC13-771AE7338D91}.Debug|x64.ActiveCfg = Debug|Any CPU
		{86D2A488-C413-41B6-BC13-771AE7338D91}.Debug|x64.Build.0 = Debug|Any CPU
		{86D2A488-C413-41B6-BC13-771AE7338D91}.Debug|x86.ActiveCfg = Debug|Any CPU
		{86D2A488-C413-41B6-BC13-771AE7338D91}.Debug|x86.Build.0 = Debug|Any CPU
		{86D2A488-C413-41B6-BC13-771AE7338D91}.Release|Any CPU.ActiveCfg = Release|Any CPU
		{86D2A488-C413-41B6-BC13-771AE7338D91}.Release|Any CPU.Build.0 = Release|Any CPU
		{86D2A488-C413-41B6-BC13-771AE7338D91}.Release|x64.ActiveCfg = Release|Any CPU
		{86D2A488-C413-41B6-BC13-771AE7338D91}.Release|x64.Build.0 = Release|Any CPU
		{86D2A488-C413-41B6-BC13-771AE7338D91}.Release|x86.ActiveCfg = Release|Any CPU
		{86D2A488-C413-41B6-BC13-771AE7338D91}.Release|x86.Build.0 = Release|Any CPU
		{7837AED8-5421-415E-9573-99F8E3D53C68}.Debug|Any CPU.ActiveCfg = Debug|Any CPU
		{7837AED8-5421-415E-9573-99F8E3D53C68}.Debug|Any CPU.Build.0 = Debug|Any CPU
		{7837AED8-5421-415E-9573-99F8E3D53C68}.Debug|x64.ActiveCfg = Debug|Any CPU
		{7837AED8-5421-415E-9573-99F8E3D53C68}.Debug|x64.Build.0 = Debug|Any CPU
		{7837AED8-5421-415E-9573-99F8E3D53C68}.Debug|x86.ActiveCfg = Debug|Any CPU
		{7837AED8-5421-415E-9573-99F8E3D53C68}.Debug|x86.Build.0 = Debug|Any CPU
		{7837AED8-5421-415E-9573-99F8E3D53C68}.Release|Any CPU.ActiveCfg = Release|Any CPU
		{7837AED8-5421-415E-9573-99F8E3D53C68}.Release|Any CPU.Build.0 = Release|Any CPU
		{7837AED8-5421-415E-9573-99F8E3D53C68}.Release|x64.ActiveCfg = Release|Any CPU
		{7837AED8-5421-415E-9573-99F8E3D53C68}.Release|x64.Build.0 = Release|Any CPU
		{7837AED8-5421-415E-9573-99F8E3D53C68}.Release|x86.ActiveCfg = Release|Any CPU
		{7837AED8-5421-415E-9573-99F8E3D53C68}.Release|x86.Build.0 = Release|Any CPU
		{039E86CF-A179-4157-ADD7-62118456FCEC}.Debug|Any CPU.ActiveCfg = Debug|Any CPU
		{039E86CF-A179-4157-ADD7-62118456FCEC}.Debug|Any CPU.Build.0 = Debug|Any CPU
		{039E86CF-A179-4157-ADD7-62118456FCEC}.Debug|x64.ActiveCfg = Debug|Any CPU
		{039E86CF-A179-4157-ADD7-62118456FCEC}.Debug|x64.Build.0 = Debug|Any CPU
		{039E86CF-A179-4157-ADD7-62118456FCEC}.Debug|x86.ActiveCfg = Debug|Any CPU
		{039E86CF-A179-4157-ADD7-62118456FCEC}.Debug|x86.Build.0 = Debug|Any CPU
		{039E86CF-A179-4157-ADD7-62118456FCEC}.Release|Any CPU.ActiveCfg = Release|Any CPU
		{039E86CF-A179-4157-ADD7-62118456FCEC}.Release|Any CPU.Build.0 = Release|Any CPU
		{039E86CF-A179-4157-ADD7-62118456FCEC}.Release|x64.ActiveCfg = Release|Any CPU
		{039E86CF-A179-4157-ADD7-62118456FCEC}.Release|x64.Build.0 = Release|Any CPU
		{039E86CF-A179-4157-ADD7-62118456FCEC}.Release|x86.ActiveCfg = Release|Any CPU
		{039E86CF-A179-4157-ADD7-62118456FCEC}.Release|x86.Build.0 = Release|Any CPU
		{3917B5FB-1727-4221-837F-C3F444557232}.Debug|Any CPU.ActiveCfg = Debug|Any CPU
		{3917B5FB-1727-4221-837F-C3F444557232}.Debug|Any CPU.Build.0 = Debug|Any CPU
		{3917B5FB-1727-4221-837F-C3F444557232}.Debug|x64.ActiveCfg = Debug|Any CPU
		{3917B5FB-1727-4221-837F-C3F444557232}.Debug|x64.Build.0 = Debug|Any CPU
		{3917B5FB-1727-4221-837F-C3F444557232}.Debug|x86.ActiveCfg = Debug|Any CPU
		{3917B5FB-1727-4221-837F-C3F444557232}.Debug|x86.Build.0 = Debug|Any CPU
		{3917B5FB-1727-4221-837F-C3F444557232}.Release|Any CPU.ActiveCfg = Release|Any CPU
		{3917B5FB-1727-4221-837F-C3F444557232}.Release|Any CPU.Build.0 = Release|Any CPU
		{3917B5FB-1727-4221-837F-C3F444557232}.Release|x64.ActiveCfg = Release|Any CPU
		{3917B5FB-1727-4221-837F-C3F444557232}.Release|x64.Build.0 = Release|Any CPU
		{3917B5FB-1727-4221-837F-C3F444557232}.Release|x86.ActiveCfg = Release|Any CPU
		{3917B5FB-1727-4221-837F-C3F444557232}.Release|x86.Build.0 = Release|Any CPU
		{68AFE617-D632-44A6-806A-9FCCCB2384E6}.Debug|Any CPU.ActiveCfg = Debug|Any CPU
		{68AFE617-D632-44A6-806A-9FCCCB2384E6}.Debug|Any CPU.Build.0 = Debug|Any CPU
		{68AFE617-D632-44A6-806A-9FCCCB2384E6}.Debug|x64.ActiveCfg = Debug|Any CPU
		{68AFE617-D632-44A6-806A-9FCCCB2384E6}.Debug|x64.Build.0 = Debug|Any CPU
		{68AFE617-D632-44A6-806A-9FCCCB2384E6}.Debug|x86.ActiveCfg = Debug|Any CPU
		{68AFE617-D632-44A6-806A-9FCCCB2384E6}.Debug|x86.Build.0 = Debug|Any CPU
		{68AFE617-D632-44A6-806A-9FCCCB2384E6}.Release|Any CPU.ActiveCfg = Release|Any CPU
		{68AFE617-D632-44A6-806A-9FCCCB2384E6}.Release|Any CPU.Build.0 = Release|Any CPU
		{68AFE617-D632-44A6-806A-9FCCCB2384E6}.Release|x64.ActiveCfg = Release|Any CPU
		{68AFE617-D632-44A6-806A-9FCCCB2384E6}.Release|x64.Build.0 = Release|Any CPU
		{68AFE617-D632-44A6-806A-9FCCCB2384E6}.Release|x86.ActiveCfg = Release|Any CPU
		{68AFE617-D632-44A6-806A-9FCCCB2384E6}.Release|x86.Build.0 = Release|Any CPU
		{DDEF51B8-541A-4B2E-8FC4-4BD0985FB184}.Debug|Any CPU.ActiveCfg = Debug|Any CPU
		{DDEF51B8-541A-4B2E-8FC4-4BD0985FB184}.Debug|Any CPU.Build.0 = Debug|Any CPU
		{DDEF51B8-541A-4B2E-8FC4-4BD0985FB184}.Debug|x64.ActiveCfg = Debug|Any CPU
		{DDEF51B8-541A-4B2E-8FC4-4BD0985FB184}.Debug|x64.Build.0 = Debug|Any CPU
		{DDEF51B8-541A-4B2E-8FC4-4BD0985FB184}.Debug|x86.ActiveCfg = Debug|Any CPU
		{DDEF51B8-541A-4B2E-8FC4-4BD0985FB184}.Debug|x86.Build.0 = Debug|Any CPU
		{DDEF51B8-541A-4B2E-8FC4-4BD0985FB184}.Release|Any CPU.ActiveCfg = Release|Any CPU
		{DDEF51B8-541A-4B2E-8FC4-4BD0985FB184}.Release|Any CPU.Build.0 = Release|Any CPU
		{DDEF51B8-541A-4B2E-8FC4-4BD0985FB184}.Release|x64.ActiveCfg = Release|Any CPU
		{DDEF51B8-541A-4B2E-8FC4-4BD0985FB184}.Release|x64.Build.0 = Release|Any CPU
		{DDEF51B8-541A-4B2E-8FC4-4BD0985FB184}.Release|x86.ActiveCfg = Release|Any CPU
		{DDEF51B8-541A-4B2E-8FC4-4BD0985FB184}.Release|x86.Build.0 = Release|Any CPU
		{E634BF95-B35B-4AE5-8BAF-BD711F2B8F6F}.Debug|Any CPU.ActiveCfg = Debug|Any CPU
		{E634BF95-B35B-4AE5-8BAF-BD711F2B8F6F}.Debug|Any CPU.Build.0 = Debug|Any CPU
		{E634BF95-B35B-4AE5-8BAF-BD711F2B8F6F}.Debug|x64.ActiveCfg = Debug|Any CPU
		{E634BF95-B35B-4AE5-8BAF-BD711F2B8F6F}.Debug|x64.Build.0 = Debug|Any CPU
		{E634BF95-B35B-4AE5-8BAF-BD711F2B8F6F}.Debug|x86.ActiveCfg = Debug|Any CPU
		{E634BF95-B35B-4AE5-8BAF-BD711F2B8F6F}.Debug|x86.Build.0 = Debug|Any CPU
		{E634BF95-B35B-4AE5-8BAF-BD711F2B8F6F}.Release|Any CPU.ActiveCfg = Release|Any CPU
		{E634BF95-B35B-4AE5-8BAF-BD711F2B8F6F}.Release|Any CPU.Build.0 = Release|Any CPU
		{E634BF95-B35B-4AE5-8BAF-BD711F2B8F6F}.Release|x64.ActiveCfg = Release|Any CPU
		{E634BF95-B35B-4AE5-8BAF-BD711F2B8F6F}.Release|x64.Build.0 = Release|Any CPU
		{E634BF95-B35B-4AE5-8BAF-BD711F2B8F6F}.Release|x86.ActiveCfg = Release|Any CPU
		{E634BF95-B35B-4AE5-8BAF-BD711F2B8F6F}.Release|x86.Build.0 = Release|Any CPU
		{48262A50-74DB-4A34-87FB-3BF85D124F50}.Debug|Any CPU.ActiveCfg = Debug|Any CPU
		{48262A50-74DB-4A34-87FB-3BF85D124F50}.Debug|Any CPU.Build.0 = Debug|Any CPU
		{48262A50-74DB-4A34-87FB-3BF85D124F50}.Debug|x64.ActiveCfg = Debug|Any CPU
		{48262A50-74DB-4A34-87FB-3BF85D124F50}.Debug|x64.Build.0 = Debug|Any CPU
		{48262A50-74DB-4A34-87FB-3BF85D124F50}.Debug|x86.ActiveCfg = Debug|Any CPU
		{48262A50-74DB-4A34-87FB-3BF85D124F50}.Debug|x86.Build.0 = Debug|Any CPU
		{48262A50-74DB-4A34-87FB-3BF85D124F50}.Release|Any CPU.ActiveCfg = Release|Any CPU
		{48262A50-74DB-4A34-87FB-3BF85D124F50}.Release|Any CPU.Build.0 = Release|Any CPU
		{48262A50-74DB-4A34-87FB-3BF85D124F50}.Release|x64.ActiveCfg = Release|Any CPU
		{48262A50-74DB-4A34-87FB-3BF85D124F50}.Release|x64.Build.0 = Release|Any CPU
		{48262A50-74DB-4A34-87FB-3BF85D124F50}.Release|x86.ActiveCfg = Release|Any CPU
		{48262A50-74DB-4A34-87FB-3BF85D124F50}.Release|x86.Build.0 = Release|Any CPU
		{C3364877-D4AB-451D-9FDF-D94AF7E0E6D4}.Debug|Any CPU.ActiveCfg = Debug|Any CPU
		{C3364877-D4AB-451D-9FDF-D94AF7E0E6D4}.Debug|Any CPU.Build.0 = Debug|Any CPU
		{C3364877-D4AB-451D-9FDF-D94AF7E0E6D4}.Debug|x64.ActiveCfg = Debug|Any CPU
		{C3364877-D4AB-451D-9FDF-D94AF7E0E6D4}.Debug|x64.Build.0 = Debug|Any CPU
		{C3364877-D4AB-451D-9FDF-D94AF7E0E6D4}.Debug|x86.ActiveCfg = Debug|Any CPU
		{C3364877-D4AB-451D-9FDF-D94AF7E0E6D4}.Debug|x86.Build.0 = Debug|Any CPU
		{C3364877-D4AB-451D-9FDF-D94AF7E0E6D4}.Release|Any CPU.ActiveCfg = Release|Any CPU
		{C3364877-D4AB-451D-9FDF-D94AF7E0E6D4}.Release|Any CPU.Build.0 = Release|Any CPU
		{C3364877-D4AB-451D-9FDF-D94AF7E0E6D4}.Release|x64.ActiveCfg = Release|Any CPU
		{C3364877-D4AB-451D-9FDF-D94AF7E0E6D4}.Release|x64.Build.0 = Release|Any CPU
		{C3364877-D4AB-451D-9FDF-D94AF7E0E6D4}.Release|x86.ActiveCfg = Release|Any CPU
		{C3364877-D4AB-451D-9FDF-D94AF7E0E6D4}.Release|x86.Build.0 = Release|Any CPU
		{9377B91D-9414-4EDC-A61E-0C8449AAF19D}.Debug|Any CPU.ActiveCfg = Debug|Any CPU
		{9377B91D-9414-4EDC-A61E-0C8449AAF19D}.Debug|Any CPU.Build.0 = Debug|Any CPU
		{9377B91D-9414-4EDC-A61E-0C8449AAF19D}.Debug|x64.ActiveCfg = Debug|Any CPU
		{9377B91D-9414-4EDC-A61E-0C8449AAF19D}.Debug|x64.Build.0 = Debug|Any CPU
		{9377B91D-9414-4EDC-A61E-0C8449AAF19D}.Debug|x86.ActiveCfg = Debug|Any CPU
		{9377B91D-9414-4EDC-A61E-0C8449AAF19D}.Debug|x86.Build.0 = Debug|Any CPU
		{9377B91D-9414-4EDC-A61E-0C8449AAF19D}.Release|Any CPU.ActiveCfg = Release|Any CPU
		{9377B91D-9414-4EDC-A61E-0C8449AAF19D}.Release|Any CPU.Build.0 = Release|Any CPU
		{9377B91D-9414-4EDC-A61E-0C8449AAF19D}.Release|x64.ActiveCfg = Release|Any CPU
		{9377B91D-9414-4EDC-A61E-0C8449AAF19D}.Release|x64.Build.0 = Release|Any CPU
		{9377B91D-9414-4EDC-A61E-0C8449AAF19D}.Release|x86.ActiveCfg = Release|Any CPU
		{9377B91D-9414-4EDC-A61E-0C8449AAF19D}.Release|x86.Build.0 = Release|Any CPU
		{7F6403C0-B94E-4A32-BC75-0706E771262D}.Debug|Any CPU.ActiveCfg = Debug|Any CPU
		{7F6403C0-B94E-4A32-BC75-0706E771262D}.Debug|Any CPU.Build.0 = Debug|Any CPU
		{7F6403C0-B94E-4A32-BC75-0706E771262D}.Debug|x64.ActiveCfg = Debug|Any CPU
		{7F6403C0-B94E-4A32-BC75-0706E771262D}.Debug|x64.Build.0 = Debug|Any CPU
		{7F6403C0-B94E-4A32-BC75-0706E771262D}.Debug|x86.ActiveCfg = Debug|Any CPU
		{7F6403C0-B94E-4A32-BC75-0706E771262D}.Debug|x86.Build.0 = Debug|Any CPU
		{7F6403C0-B94E-4A32-BC75-0706E771262D}.Release|Any CPU.ActiveCfg = Release|Any CPU
		{7F6403C0-B94E-4A32-BC75-0706E771262D}.Release|Any CPU.Build.0 = Release|Any CPU
		{7F6403C0-B94E-4A32-BC75-0706E771262D}.Release|x64.ActiveCfg = Release|Any CPU
		{7F6403C0-B94E-4A32-BC75-0706E771262D}.Release|x64.Build.0 = Release|Any CPU
		{7F6403C0-B94E-4A32-BC75-0706E771262D}.Release|x86.ActiveCfg = Release|Any CPU
		{7F6403C0-B94E-4A32-BC75-0706E771262D}.Release|x86.Build.0 = Release|Any CPU
		{015CA5D9-94EC-4865-B622-0161B031D437}.Debug|Any CPU.ActiveCfg = Debug|Any CPU
		{015CA5D9-94EC-4865-B622-0161B031D437}.Debug|Any CPU.Build.0 = Debug|Any CPU
		{015CA5D9-94EC-4865-B622-0161B031D437}.Debug|x64.ActiveCfg = Debug|Any CPU
		{015CA5D9-94EC-4865-B622-0161B031D437}.Debug|x64.Build.0 = Debug|Any CPU
		{015CA5D9-94EC-4865-B622-0161B031D437}.Debug|x86.ActiveCfg = Debug|Any CPU
		{015CA5D9-94EC-4865-B622-0161B031D437}.Debug|x86.Build.0 = Debug|Any CPU
		{015CA5D9-94EC-4865-B622-0161B031D437}.Release|Any CPU.ActiveCfg = Release|Any CPU
		{015CA5D9-94EC-4865-B622-0161B031D437}.Release|Any CPU.Build.0 = Release|Any CPU
		{015CA5D9-94EC-4865-B622-0161B031D437}.Release|x64.ActiveCfg = Release|Any CPU
		{015CA5D9-94EC-4865-B622-0161B031D437}.Release|x64.Build.0 = Release|Any CPU
		{015CA5D9-94EC-4865-B622-0161B031D437}.Release|x86.ActiveCfg = Release|Any CPU
		{015CA5D9-94EC-4865-B622-0161B031D437}.Release|x86.Build.0 = Release|Any CPU
		{09270884-F77C-46BD-A4AC-26C780B1A030}.Debug|Any CPU.ActiveCfg = Debug|Any CPU
		{09270884-F77C-46BD-A4AC-26C780B1A030}.Debug|Any CPU.Build.0 = Debug|Any CPU
		{09270884-F77C-46BD-A4AC-26C780B1A030}.Debug|x64.ActiveCfg = Debug|Any CPU
		{09270884-F77C-46BD-A4AC-26C780B1A030}.Debug|x64.Build.0 = Debug|Any CPU
		{09270884-F77C-46BD-A4AC-26C780B1A030}.Debug|x86.ActiveCfg = Debug|Any CPU
		{09270884-F77C-46BD-A4AC-26C780B1A030}.Debug|x86.Build.0 = Debug|Any CPU
		{09270884-F77C-46BD-A4AC-26C780B1A030}.Release|Any CPU.ActiveCfg = Release|Any CPU
		{09270884-F77C-46BD-A4AC-26C780B1A030}.Release|Any CPU.Build.0 = Release|Any CPU
		{09270884-F77C-46BD-A4AC-26C780B1A030}.Release|x64.ActiveCfg = Release|Any CPU
		{09270884-F77C-46BD-A4AC-26C780B1A030}.Release|x64.Build.0 = Release|Any CPU
		{09270884-F77C-46BD-A4AC-26C780B1A030}.Release|x86.ActiveCfg = Release|Any CPU
		{09270884-F77C-46BD-A4AC-26C780B1A030}.Release|x86.Build.0 = Release|Any CPU
		{F54726CE-944A-4643-B42C-EBA1D7748CEB}.Debug|Any CPU.ActiveCfg = Debug|Any CPU
		{F54726CE-944A-4643-B42C-EBA1D7748CEB}.Debug|Any CPU.Build.0 = Debug|Any CPU
		{F54726CE-944A-4643-B42C-EBA1D7748CEB}.Debug|x64.ActiveCfg = Debug|Any CPU
		{F54726CE-944A-4643-B42C-EBA1D7748CEB}.Debug|x64.Build.0 = Debug|Any CPU
		{F54726CE-944A-4643-B42C-EBA1D7748CEB}.Debug|x86.ActiveCfg = Debug|Any CPU
		{F54726CE-944A-4643-B42C-EBA1D7748CEB}.Debug|x86.Build.0 = Debug|Any CPU
		{F54726CE-944A-4643-B42C-EBA1D7748CEB}.Release|Any CPU.ActiveCfg = Release|Any CPU
		{F54726CE-944A-4643-B42C-EBA1D7748CEB}.Release|Any CPU.Build.0 = Release|Any CPU
		{F54726CE-944A-4643-B42C-EBA1D7748CEB}.Release|x64.ActiveCfg = Release|Any CPU
		{F54726CE-944A-4643-B42C-EBA1D7748CEB}.Release|x64.Build.0 = Release|Any CPU
		{F54726CE-944A-4643-B42C-EBA1D7748CEB}.Release|x86.ActiveCfg = Release|Any CPU
		{F54726CE-944A-4643-B42C-EBA1D7748CEB}.Release|x86.Build.0 = Release|Any CPU
		{DDB2C3CF-21EA-49AB-9B39-B8718F5012B9}.Debug|Any CPU.ActiveCfg = Debug|Any CPU
		{DDB2C3CF-21EA-49AB-9B39-B8718F5012B9}.Debug|Any CPU.Build.0 = Debug|Any CPU
		{DDB2C3CF-21EA-49AB-9B39-B8718F5012B9}.Debug|x64.ActiveCfg = Debug|Any CPU
		{DDB2C3CF-21EA-49AB-9B39-B8718F5012B9}.Debug|x64.Build.0 = Debug|Any CPU
		{DDB2C3CF-21EA-49AB-9B39-B8718F5012B9}.Debug|x86.ActiveCfg = Debug|Any CPU
		{DDB2C3CF-21EA-49AB-9B39-B8718F5012B9}.Debug|x86.Build.0 = Debug|Any CPU
		{DDB2C3CF-21EA-49AB-9B39-B8718F5012B9}.Release|Any CPU.ActiveCfg = Release|Any CPU
		{DDB2C3CF-21EA-49AB-9B39-B8718F5012B9}.Release|Any CPU.Build.0 = Release|Any CPU
		{DDB2C3CF-21EA-49AB-9B39-B8718F5012B9}.Release|x64.ActiveCfg = Release|Any CPU
		{DDB2C3CF-21EA-49AB-9B39-B8718F5012B9}.Release|x64.Build.0 = Release|Any CPU
		{DDB2C3CF-21EA-49AB-9B39-B8718F5012B9}.Release|x86.ActiveCfg = Release|Any CPU
		{DDB2C3CF-21EA-49AB-9B39-B8718F5012B9}.Release|x86.Build.0 = Release|Any CPU
		{A9812B3E-8E15-4422-811C-092C8D578377}.Debug|Any CPU.ActiveCfg = Debug|Any CPU
		{A9812B3E-8E15-4422-811C-092C8D578377}.Debug|Any CPU.Build.0 = Debug|Any CPU
		{A9812B3E-8E15-4422-811C-092C8D578377}.Debug|x64.ActiveCfg = Debug|Any CPU
		{A9812B3E-8E15-4422-811C-092C8D578377}.Debug|x64.Build.0 = Debug|Any CPU
		{A9812B3E-8E15-4422-811C-092C8D578377}.Debug|x86.ActiveCfg = Debug|Any CPU
		{A9812B3E-8E15-4422-811C-092C8D578377}.Debug|x86.Build.0 = Debug|Any CPU
		{A9812B3E-8E15-4422-811C-092C8D578377}.Release|Any CPU.ActiveCfg = Release|Any CPU
		{A9812B3E-8E15-4422-811C-092C8D578377}.Release|Any CPU.Build.0 = Release|Any CPU
		{A9812B3E-8E15-4422-811C-092C8D578377}.Release|x64.ActiveCfg = Release|Any CPU
		{A9812B3E-8E15-4422-811C-092C8D578377}.Release|x64.Build.0 = Release|Any CPU
		{A9812B3E-8E15-4422-811C-092C8D578377}.Release|x86.ActiveCfg = Release|Any CPU
		{A9812B3E-8E15-4422-811C-092C8D578377}.Release|x86.Build.0 = Release|Any CPU
		{D26E3B0F-0C31-4644-9141-D32FD95613D6}.Debug|Any CPU.ActiveCfg = Debug|Any CPU
		{D26E3B0F-0C31-4644-9141-D32FD95613D6}.Debug|Any CPU.Build.0 = Debug|Any CPU
		{D26E3B0F-0C31-4644-9141-D32FD95613D6}.Debug|x64.ActiveCfg = Debug|Any CPU
		{D26E3B0F-0C31-4644-9141-D32FD95613D6}.Debug|x64.Build.0 = Debug|Any CPU
		{D26E3B0F-0C31-4644-9141-D32FD95613D6}.Debug|x86.ActiveCfg = Debug|Any CPU
		{D26E3B0F-0C31-4644-9141-D32FD95613D6}.Debug|x86.Build.0 = Debug|Any CPU
		{D26E3B0F-0C31-4644-9141-D32FD95613D6}.Release|Any CPU.ActiveCfg = Release|Any CPU
		{D26E3B0F-0C31-4644-9141-D32FD95613D6}.Release|Any CPU.Build.0 = Release|Any CPU
		{D26E3B0F-0C31-4644-9141-D32FD95613D6}.Release|x64.ActiveCfg = Release|Any CPU
		{D26E3B0F-0C31-4644-9141-D32FD95613D6}.Release|x64.Build.0 = Release|Any CPU
		{D26E3B0F-0C31-4644-9141-D32FD95613D6}.Release|x86.ActiveCfg = Release|Any CPU
		{D26E3B0F-0C31-4644-9141-D32FD95613D6}.Release|x86.Build.0 = Release|Any CPU
		{D1B52955-80F9-4942-86A1-56C927BCD253}.Debug|Any CPU.ActiveCfg = Debug|Any CPU
		{D1B52955-80F9-4942-86A1-56C927BCD253}.Debug|Any CPU.Build.0 = Debug|Any CPU
		{D1B52955-80F9-4942-86A1-56C927BCD253}.Debug|x64.ActiveCfg = Debug|Any CPU
		{D1B52955-80F9-4942-86A1-56C927BCD253}.Debug|x64.Build.0 = Debug|Any CPU
		{D1B52955-80F9-4942-86A1-56C927BCD253}.Debug|x86.ActiveCfg = Debug|Any CPU
		{D1B52955-80F9-4942-86A1-56C927BCD253}.Debug|x86.Build.0 = Debug|Any CPU
		{D1B52955-80F9-4942-86A1-56C927BCD253}.Release|Any CPU.ActiveCfg = Release|Any CPU
		{D1B52955-80F9-4942-86A1-56C927BCD253}.Release|Any CPU.Build.0 = Release|Any CPU
		{D1B52955-80F9-4942-86A1-56C927BCD253}.Release|x64.ActiveCfg = Release|Any CPU
		{D1B52955-80F9-4942-86A1-56C927BCD253}.Release|x64.Build.0 = Release|Any CPU
		{D1B52955-80F9-4942-86A1-56C927BCD253}.Release|x86.ActiveCfg = Release|Any CPU
		{D1B52955-80F9-4942-86A1-56C927BCD253}.Release|x86.Build.0 = Release|Any CPU
		{9E1EB551-CBF5-4566-B5B6-9A7A8561ADC6}.Debug|Any CPU.ActiveCfg = Debug|Any CPU
		{9E1EB551-CBF5-4566-B5B6-9A7A8561ADC6}.Debug|Any CPU.Build.0 = Debug|Any CPU
		{9E1EB551-CBF5-4566-B5B6-9A7A8561ADC6}.Debug|x64.ActiveCfg = Debug|Any CPU
		{9E1EB551-CBF5-4566-B5B6-9A7A8561ADC6}.Debug|x64.Build.0 = Debug|Any CPU
		{9E1EB551-CBF5-4566-B5B6-9A7A8561ADC6}.Debug|x86.ActiveCfg = Debug|Any CPU
		{9E1EB551-CBF5-4566-B5B6-9A7A8561ADC6}.Debug|x86.Build.0 = Debug|Any CPU
		{9E1EB551-CBF5-4566-B5B6-9A7A8561ADC6}.Release|Any CPU.ActiveCfg = Release|Any CPU
		{9E1EB551-CBF5-4566-B5B6-9A7A8561ADC6}.Release|Any CPU.Build.0 = Release|Any CPU
		{9E1EB551-CBF5-4566-B5B6-9A7A8561ADC6}.Release|x64.ActiveCfg = Release|Any CPU
		{9E1EB551-CBF5-4566-B5B6-9A7A8561ADC6}.Release|x64.Build.0 = Release|Any CPU
		{9E1EB551-CBF5-4566-B5B6-9A7A8561ADC6}.Release|x86.ActiveCfg = Release|Any CPU
		{9E1EB551-CBF5-4566-B5B6-9A7A8561ADC6}.Release|x86.Build.0 = Release|Any CPU
		{08F7E22A-B593-47C9-AD35-A0BD9C104B30}.Debug|Any CPU.ActiveCfg = Debug|Any CPU
		{08F7E22A-B593-47C9-AD35-A0BD9C104B30}.Debug|Any CPU.Build.0 = Debug|Any CPU
		{08F7E22A-B593-47C9-AD35-A0BD9C104B30}.Debug|x64.ActiveCfg = Debug|Any CPU
		{08F7E22A-B593-47C9-AD35-A0BD9C104B30}.Debug|x64.Build.0 = Debug|Any CPU
		{08F7E22A-B593-47C9-AD35-A0BD9C104B30}.Debug|x86.ActiveCfg = Debug|Any CPU
		{08F7E22A-B593-47C9-AD35-A0BD9C104B30}.Debug|x86.Build.0 = Debug|Any CPU
		{08F7E22A-B593-47C9-AD35-A0BD9C104B30}.Release|Any CPU.ActiveCfg = Release|Any CPU
		{08F7E22A-B593-47C9-AD35-A0BD9C104B30}.Release|Any CPU.Build.0 = Release|Any CPU
		{08F7E22A-B593-47C9-AD35-A0BD9C104B30}.Release|x64.ActiveCfg = Release|Any CPU
		{08F7E22A-B593-47C9-AD35-A0BD9C104B30}.Release|x64.Build.0 = Release|Any CPU
		{08F7E22A-B593-47C9-AD35-A0BD9C104B30}.Release|x86.ActiveCfg = Release|Any CPU
		{08F7E22A-B593-47C9-AD35-A0BD9C104B30}.Release|x86.Build.0 = Release|Any CPU
		{1C854697-5B2F-4D0F-A8E6-B7E1D3E1D91F}.Debug|Any CPU.ActiveCfg = Debug|Any CPU
		{1C854697-5B2F-4D0F-A8E6-B7E1D3E1D91F}.Debug|Any CPU.Build.0 = Debug|Any CPU
		{1C854697-5B2F-4D0F-A8E6-B7E1D3E1D91F}.Debug|x64.ActiveCfg = Debug|Any CPU
		{1C854697-5B2F-4D0F-A8E6-B7E1D3E1D91F}.Debug|x64.Build.0 = Debug|Any CPU
		{1C854697-5B2F-4D0F-A8E6-B7E1D3E1D91F}.Debug|x86.ActiveCfg = Debug|Any CPU
		{1C854697-5B2F-4D0F-A8E6-B7E1D3E1D91F}.Debug|x86.Build.0 = Debug|Any CPU
		{1C854697-5B2F-4D0F-A8E6-B7E1D3E1D91F}.Release|Any CPU.ActiveCfg = Release|Any CPU
		{1C854697-5B2F-4D0F-A8E6-B7E1D3E1D91F}.Release|Any CPU.Build.0 = Release|Any CPU
		{1C854697-5B2F-4D0F-A8E6-B7E1D3E1D91F}.Release|x64.ActiveCfg = Release|Any CPU
		{1C854697-5B2F-4D0F-A8E6-B7E1D3E1D91F}.Release|x64.Build.0 = Release|Any CPU
		{1C854697-5B2F-4D0F-A8E6-B7E1D3E1D91F}.Release|x86.ActiveCfg = Release|Any CPU
		{1C854697-5B2F-4D0F-A8E6-B7E1D3E1D91F}.Release|x86.Build.0 = Release|Any CPU
		{354307E3-B9A7-422C-8718-D2117066B771}.Debug|Any CPU.ActiveCfg = Debug|Any CPU
		{354307E3-B9A7-422C-8718-D2117066B771}.Debug|Any CPU.Build.0 = Debug|Any CPU
		{354307E3-B9A7-422C-8718-D2117066B771}.Debug|x64.ActiveCfg = Debug|Any CPU
		{354307E3-B9A7-422C-8718-D2117066B771}.Debug|x64.Build.0 = Debug|Any CPU
		{354307E3-B9A7-422C-8718-D2117066B771}.Debug|x86.ActiveCfg = Debug|Any CPU
		{354307E3-B9A7-422C-8718-D2117066B771}.Debug|x86.Build.0 = Debug|Any CPU
		{354307E3-B9A7-422C-8718-D2117066B771}.Release|Any CPU.ActiveCfg = Release|Any CPU
		{354307E3-B9A7-422C-8718-D2117066B771}.Release|Any CPU.Build.0 = Release|Any CPU
		{354307E3-B9A7-422C-8718-D2117066B771}.Release|x64.ActiveCfg = Release|Any CPU
		{354307E3-B9A7-422C-8718-D2117066B771}.Release|x64.Build.0 = Release|Any CPU
		{354307E3-B9A7-422C-8718-D2117066B771}.Release|x86.ActiveCfg = Release|Any CPU
		{354307E3-B9A7-422C-8718-D2117066B771}.Release|x86.Build.0 = Release|Any CPU
		{FF2B58BB-277E-46D6-B4C9-3D4255AC41C3}.Debug|Any CPU.ActiveCfg = Debug|Any CPU
		{FF2B58BB-277E-46D6-B4C9-3D4255AC41C3}.Debug|Any CPU.Build.0 = Debug|Any CPU
		{FF2B58BB-277E-46D6-B4C9-3D4255AC41C3}.Debug|x64.ActiveCfg = Debug|Any CPU
		{FF2B58BB-277E-46D6-B4C9-3D4255AC41C3}.Debug|x64.Build.0 = Debug|Any CPU
		{FF2B58BB-277E-46D6-B4C9-3D4255AC41C3}.Debug|x86.ActiveCfg = Debug|Any CPU
		{FF2B58BB-277E-46D6-B4C9-3D4255AC41C3}.Debug|x86.Build.0 = Debug|Any CPU
		{FF2B58BB-277E-46D6-B4C9-3D4255AC41C3}.Release|Any CPU.ActiveCfg = Release|Any CPU
		{FF2B58BB-277E-46D6-B4C9-3D4255AC41C3}.Release|Any CPU.Build.0 = Release|Any CPU
		{FF2B58BB-277E-46D6-B4C9-3D4255AC41C3}.Release|x64.ActiveCfg = Release|Any CPU
		{FF2B58BB-277E-46D6-B4C9-3D4255AC41C3}.Release|x64.Build.0 = Release|Any CPU
		{FF2B58BB-277E-46D6-B4C9-3D4255AC41C3}.Release|x86.ActiveCfg = Release|Any CPU
		{FF2B58BB-277E-46D6-B4C9-3D4255AC41C3}.Release|x86.Build.0 = Release|Any CPU
		{1D9A5903-2720-4B43-90F8-F07C834D7B31}.Debug|Any CPU.ActiveCfg = Debug|Any CPU
		{1D9A5903-2720-4B43-90F8-F07C834D7B31}.Debug|Any CPU.Build.0 = Debug|Any CPU
		{1D9A5903-2720-4B43-90F8-F07C834D7B31}.Debug|x64.ActiveCfg = Debug|Any CPU
		{1D9A5903-2720-4B43-90F8-F07C834D7B31}.Debug|x64.Build.0 = Debug|Any CPU
		{1D9A5903-2720-4B43-90F8-F07C834D7B31}.Debug|x86.ActiveCfg = Debug|Any CPU
		{1D9A5903-2720-4B43-90F8-F07C834D7B31}.Debug|x86.Build.0 = Debug|Any CPU
		{1D9A5903-2720-4B43-90F8-F07C834D7B31}.Release|Any CPU.ActiveCfg = Release|Any CPU
		{1D9A5903-2720-4B43-90F8-F07C834D7B31}.Release|Any CPU.Build.0 = Release|Any CPU
		{1D9A5903-2720-4B43-90F8-F07C834D7B31}.Release|x64.ActiveCfg = Release|Any CPU
		{1D9A5903-2720-4B43-90F8-F07C834D7B31}.Release|x64.Build.0 = Release|Any CPU
		{1D9A5903-2720-4B43-90F8-F07C834D7B31}.Release|x86.ActiveCfg = Release|Any CPU
		{1D9A5903-2720-4B43-90F8-F07C834D7B31}.Release|x86.Build.0 = Release|Any CPU
		{8C1D21E5-3BF1-4634-8A41-ECD3C88E8A00}.Debug|Any CPU.ActiveCfg = Debug|Any CPU
		{8C1D21E5-3BF1-4634-8A41-ECD3C88E8A00}.Debug|Any CPU.Build.0 = Debug|Any CPU
		{8C1D21E5-3BF1-4634-8A41-ECD3C88E8A00}.Debug|x64.ActiveCfg = Debug|Any CPU
		{8C1D21E5-3BF1-4634-8A41-ECD3C88E8A00}.Debug|x64.Build.0 = Debug|Any CPU
		{8C1D21E5-3BF1-4634-8A41-ECD3C88E8A00}.Debug|x86.ActiveCfg = Debug|Any CPU
		{8C1D21E5-3BF1-4634-8A41-ECD3C88E8A00}.Debug|x86.Build.0 = Debug|Any CPU
		{8C1D21E5-3BF1-4634-8A41-ECD3C88E8A00}.Release|Any CPU.ActiveCfg = Release|Any CPU
		{8C1D21E5-3BF1-4634-8A41-ECD3C88E8A00}.Release|Any CPU.Build.0 = Release|Any CPU
		{8C1D21E5-3BF1-4634-8A41-ECD3C88E8A00}.Release|x64.ActiveCfg = Release|Any CPU
		{8C1D21E5-3BF1-4634-8A41-ECD3C88E8A00}.Release|x64.Build.0 = Release|Any CPU
		{8C1D21E5-3BF1-4634-8A41-ECD3C88E8A00}.Release|x86.ActiveCfg = Release|Any CPU
		{8C1D21E5-3BF1-4634-8A41-ECD3C88E8A00}.Release|x86.Build.0 = Release|Any CPU
		{AB7299B6-82F2-417E-97E7-12A5E67F0405}.Debug|Any CPU.ActiveCfg = Debug|Any CPU
		{AB7299B6-82F2-417E-97E7-12A5E67F0405}.Debug|Any CPU.Build.0 = Debug|Any CPU
		{AB7299B6-82F2-417E-97E7-12A5E67F0405}.Debug|x64.ActiveCfg = Debug|Any CPU
		{AB7299B6-82F2-417E-97E7-12A5E67F0405}.Debug|x64.Build.0 = Debug|Any CPU
		{AB7299B6-82F2-417E-97E7-12A5E67F0405}.Debug|x86.ActiveCfg = Debug|Any CPU
		{AB7299B6-82F2-417E-97E7-12A5E67F0405}.Debug|x86.Build.0 = Debug|Any CPU
		{AB7299B6-82F2-417E-97E7-12A5E67F0405}.Release|Any CPU.ActiveCfg = Release|Any CPU
		{AB7299B6-82F2-417E-97E7-12A5E67F0405}.Release|Any CPU.Build.0 = Release|Any CPU
		{AB7299B6-82F2-417E-97E7-12A5E67F0405}.Release|x64.ActiveCfg = Release|Any CPU
		{AB7299B6-82F2-417E-97E7-12A5E67F0405}.Release|x64.Build.0 = Release|Any CPU
		{AB7299B6-82F2-417E-97E7-12A5E67F0405}.Release|x86.ActiveCfg = Release|Any CPU
		{AB7299B6-82F2-417E-97E7-12A5E67F0405}.Release|x86.Build.0 = Release|Any CPU
		{A46E083A-73D0-489F-9F36-88FD9B8C8A35}.Debug|Any CPU.ActiveCfg = Debug|Any CPU
		{A46E083A-73D0-489F-9F36-88FD9B8C8A35}.Debug|Any CPU.Build.0 = Debug|Any CPU
		{A46E083A-73D0-489F-9F36-88FD9B8C8A35}.Debug|x64.ActiveCfg = Debug|Any CPU
		{A46E083A-73D0-489F-9F36-88FD9B8C8A35}.Debug|x64.Build.0 = Debug|Any CPU
		{A46E083A-73D0-489F-9F36-88FD9B8C8A35}.Debug|x86.ActiveCfg = Debug|Any CPU
		{A46E083A-73D0-489F-9F36-88FD9B8C8A35}.Debug|x86.Build.0 = Debug|Any CPU
		{A46E083A-73D0-489F-9F36-88FD9B8C8A35}.Release|Any CPU.ActiveCfg = Release|Any CPU
		{A46E083A-73D0-489F-9F36-88FD9B8C8A35}.Release|Any CPU.Build.0 = Release|Any CPU
		{A46E083A-73D0-489F-9F36-88FD9B8C8A35}.Release|x64.ActiveCfg = Release|Any CPU
		{A46E083A-73D0-489F-9F36-88FD9B8C8A35}.Release|x64.Build.0 = Release|Any CPU
		{A46E083A-73D0-489F-9F36-88FD9B8C8A35}.Release|x86.ActiveCfg = Release|Any CPU
		{A46E083A-73D0-489F-9F36-88FD9B8C8A35}.Release|x86.Build.0 = Release|Any CPU
		{B7350F56-75D2-42B2-96BC-CB3C57605DBF}.Debug|Any CPU.ActiveCfg = Debug|Any CPU
		{B7350F56-75D2-42B2-96BC-CB3C57605DBF}.Debug|Any CPU.Build.0 = Debug|Any CPU
		{B7350F56-75D2-42B2-96BC-CB3C57605DBF}.Debug|x64.ActiveCfg = Debug|Any CPU
		{B7350F56-75D2-42B2-96BC-CB3C57605DBF}.Debug|x64.Build.0 = Debug|Any CPU
		{B7350F56-75D2-42B2-96BC-CB3C57605DBF}.Debug|x86.ActiveCfg = Debug|Any CPU
		{B7350F56-75D2-42B2-96BC-CB3C57605DBF}.Debug|x86.Build.0 = Debug|Any CPU
		{B7350F56-75D2-42B2-96BC-CB3C57605DBF}.Release|Any CPU.ActiveCfg = Release|Any CPU
		{B7350F56-75D2-42B2-96BC-CB3C57605DBF}.Release|Any CPU.Build.0 = Release|Any CPU
		{B7350F56-75D2-42B2-96BC-CB3C57605DBF}.Release|x64.ActiveCfg = Release|Any CPU
		{B7350F56-75D2-42B2-96BC-CB3C57605DBF}.Release|x64.Build.0 = Release|Any CPU
		{B7350F56-75D2-42B2-96BC-CB3C57605DBF}.Release|x86.ActiveCfg = Release|Any CPU
		{B7350F56-75D2-42B2-96BC-CB3C57605DBF}.Release|x86.Build.0 = Release|Any CPU
	EndGlobalSection
EndGlobal
