
Microsoft Visual Studio Solution File, Format Version 12.00
# Visual Studio 15
VisualStudioVersion = 15.0.26124.0
MinimumVisualStudioVersion = 15.0.26124.0
Project("{FAE04EC0-301F-11D3-BF4B-00C04F79EFBC}") = "Hello", "1_Hello\Hello.csproj", "{59E20D5D-BBCB-4D3A-A653-3352B644FDBC}"
EndProject
Project("{FAE04EC0-301F-11D3-BF4B-00C04F79EFBC}") = "2_CountingCharacters", "2_CountingCharacters\2_CountingCharacters.csproj", "{5A2348BE-913D-43B6-94F9-DDF354BCA7A7}"
EndProject
Project("{FAE04EC0-301F-11D3-BF4B-00C04F79EFBC}") = "3_PrintingQuotes", "3_PrintingQuotes\3_PrintingQuotes.csproj", "{86D2A488-C413-41B6-BC13-771AE7338D91}"
EndProject
Project("{FAE04EC0-301F-11D3-BF4B-00C04F79EFBC}") = "4_MadLib", "4_MadLib\4_MadLib.csproj", "{7837AED8-5421-415E-9573-99F8E3D53C68}"
EndProject
Project("{FAE04EC0-301F-11D3-BF4B-00C04F79EFBC}") = "5_SimpleMath", "5_SimpleMath\5_SimpleMath.csproj", "{039E86CF-A179-4157-ADD7-62118456FCEC}"
EndProject
Project("{FAE04EC0-301F-11D3-BF4B-00C04F79EFBC}") = "6_RetirementCalculator", "6_RetirementCalculator\6_RetirementCalculator.csproj", "{3917B5FB-1727-4221-837F-C3F444557232}"
EndProject
Project("{FAE04EC0-301F-11D3-BF4B-00C04F79EFBC}") = "7_AreaOfRoom", "7_AreaOfRoom\7_AreaOfRoom.csproj", "{68AFE617-D632-44A6-806A-9FCCCB2384E6}"
EndProject
Project("{FAE04EC0-301F-11D3-BF4B-00C04F79EFBC}") = "8_PizzaParty", "8_PizzaParty\8_PizzaParty.csproj", "{DDEF51B8-541A-4B2E-8FC4-4BD0985FB184}"
EndProject
Project("{FAE04EC0-301F-11D3-BF4B-00C04F79EFBC}") = "9_PaintCalculator", "9_PaintCalculator\9_PaintCalculator.csproj", "{E634BF95-B35B-4AE5-8BAF-BD711F2B8F6F}"
EndProject
Project("{FAE04EC0-301F-11D3-BF4B-00C04F79EFBC}") = "11_CurrencyConversion", "11_CurrencyConversion\11_CurrencyConversion.csproj", "{48262A50-74DB-4A34-87FB-3BF85D124F50}"
EndProject
Project("{FAE04EC0-301F-11D3-BF4B-00C04F79EFBC}") = "12_SimpleInterest", "12_SimpleInterest\12_SimpleInterest.csproj", "{C3364877-D4AB-451D-9FDF-D94AF7E0E6D4}"
EndProject
Project("{FAE04EC0-301F-11D3-BF4B-00C04F79EFBC}") = "13_CompoundInterest", "13_CompoundInterest\13_CompoundInterest.csproj", "{9377B91D-9414-4EDC-A61E-0C8449AAF19D}"
EndProject
Project("{FAE04EC0-301F-11D3-BF4B-00C04F79EFBC}") = "14_TaxCalculator", "14_TaxCalculator\14_TaxCalculator.csproj", "{7F6403C0-B94E-4A32-BC75-0706E771262D}"
EndProject
Project("{FAE04EC0-301F-11D3-BF4B-00C04F79EFBC}") = "15_PasswordValidation", "15_PasswordValidation\15_PasswordValidation.csproj", "{015CA5D9-94EC-4865-B622-0161B031D437}"
EndProject
Global
	GlobalSection(SolutionConfigurationPlatforms) = preSolution
		Debug|Any CPU = Debug|Any CPU
		Debug|x64 = Debug|x64
		Debug|x86 = Debug|x86
		Release|Any CPU = Release|Any CPU
		Release|x64 = Release|x64
		Release|x86 = Release|x86
	EndGlobalSection
	GlobalSection(SolutionProperties) = preSolution
		HideSolutionNode = FALSE
	EndGlobalSection
	GlobalSection(ProjectConfigurationPlatforms) = postSolution
		{59E20D5D-BBCB-4D3A-A653-3352B644FDBC}.Debug|Any CPU.ActiveCfg = Debug|Any CPU
		{59E20D5D-BBCB-4D3A-A653-3352B644FDBC}.Debug|Any CPU.Build.0 = Debug|Any CPU
		{59E20D5D-BBCB-4D3A-A653-3352B644FDBC}.Debug|x64.ActiveCfg = Debug|Any CPU
		{59E20D5D-BBCB-4D3A-A653-3352B644FDBC}.Debug|x64.Build.0 = Debug|Any CPU
		{59E20D5D-BBCB-4D3A-A653-3352B644FDBC}.Debug|x86.ActiveCfg = Debug|Any CPU
		{59E20D5D-BBCB-4D3A-A653-3352B644FDBC}.Debug|x86.Build.0 = Debug|Any CPU
		{59E20D5D-BBCB-4D3A-A653-3352B644FDBC}.Release|Any CPU.ActiveCfg = Release|Any CPU
		{59E20D5D-BBCB-4D3A-A653-3352B644FDBC}.Release|Any CPU.Build.0 = Release|Any CPU
		{59E20D5D-BBCB-4D3A-A653-3352B644FDBC}.Release|x64.ActiveCfg = Release|Any CPU
		{59E20D5D-BBCB-4D3A-A653-3352B644FDBC}.Release|x64.Build.0 = Release|Any CPU
		{59E20D5D-BBCB-4D3A-A653-3352B644FDBC}.Release|x86.ActiveCfg = Release|Any CPU
		{59E20D5D-BBCB-4D3A-A653-3352B644FDBC}.Release|x86.Build.0 = Release|Any CPU
		{5A2348BE-913D-43B6-94F9-DDF354BCA7A7}.Debug|Any CPU.ActiveCfg = Debug|Any CPU
		{5A2348BE-913D-43B6-94F9-DDF354BCA7A7}.Debug|Any CPU.Build.0 = Debug|Any CPU
		{5A2348BE-913D-43B6-94F9-DDF354BCA7A7}.Debug|x64.ActiveCfg = Debug|Any CPU
		{5A2348BE-913D-43B6-94F9-DDF354BCA7A7}.Debug|x64.Build.0 = Debug|Any CPU
		{5A2348BE-913D-43B6-94F9-DDF354BCA7A7}.Debug|x86.ActiveCfg = Debug|Any CPU
		{5A2348BE-913D-43B6-94F9-DDF354BCA7A7}.Debug|x86.Build.0 = Debug|Any CPU
		{5A2348BE-913D-43B6-94F9-DDF354BCA7A7}.Release|Any CPU.ActiveCfg = Release|Any CPU
		{5A2348BE-913D-43B6-94F9-DDF354BCA7A7}.Release|Any CPU.Build.0 = Release|Any CPU
		{5A2348BE-913D-43B6-94F9-DDF354BCA7A7}.Release|x64.ActiveCfg = Release|Any CPU
		{5A2348BE-913D-43B6-94F9-DDF354BCA7A7}.Release|x64.Build.0 = Release|Any CPU
		{5A2348BE-913D-43B6-94F9-DDF354BCA7A7}.Release|x86.ActiveCfg = Release|Any CPU
		{5A2348BE-913D-43B6-94F9-DDF354BCA7A7}.Release|x86.Build.0 = Release|Any CPU
		{86D2A488-C413-41B6-BC13-771AE7338D91}.Debug|Any CPU.ActiveCfg = Debug|Any CPU
		{86D2A488-C413-41B6-BC13-771AE7338D91}.Debug|Any CPU.Build.0 = Debug|Any CPU
		{86D2A488-C413-41B6-BC13-771AE7338D91}.Debug|x64.ActiveCfg = Debug|Any CPU
		{86D2A488-C413-41B6-BC13-771AE7338D91}.Debug|x64.Build.0 = Debug|Any CPU
		{86D2A488-C413-41B6-BC13-771AE7338D91}.Debug|x86.ActiveCfg = Debug|Any CPU
		{86D2A488-C413-41B6-BC13-771AE7338D91}.Debug|x86.Build.0 = Debug|Any CPU
		{86D2A488-C413-41B6-BC13-771AE7338D91}.Release|Any CPU.ActiveCfg = Release|Any CPU
		{86D2A488-C413-41B6-BC13-771AE7338D91}.Release|Any CPU.Build.0 = Release|Any CPU
		{86D2A488-C413-41B6-BC13-771AE7338D91}.Release|x64.ActiveCfg = Release|Any CPU
		{86D2A488-C413-41B6-BC13-771AE7338D91}.Release|x64.Build.0 = Release|Any CPU
		{86D2A488-C413-41B6-BC13-771AE7338D91}.Release|x86.ActiveCfg = Release|Any CPU
		{86D2A488-C413-41B6-BC13-771AE7338D91}.Release|x86.Build.0 = Release|Any CPU
		{7837AED8-5421-415E-9573-99F8E3D53C68}.Debug|Any CPU.ActiveCfg = Debug|Any CPU
		{7837AED8-5421-415E-9573-99F8E3D53C68}.Debug|Any CPU.Build.0 = Debug|Any CPU
		{7837AED8-5421-415E-9573-99F8E3D53C68}.Debug|x64.ActiveCfg = Debug|Any CPU
		{7837AED8-5421-415E-9573-99F8E3D53C68}.Debug|x64.Build.0 = Debug|Any CPU
		{7837AED8-5421-415E-9573-99F8E3D53C68}.Debug|x86.ActiveCfg = Debug|Any CPU
		{7837AED8-5421-415E-9573-99F8E3D53C68}.Debug|x86.Build.0 = Debug|Any CPU
		{7837AED8-5421-415E-9573-99F8E3D53C68}.Release|Any CPU.ActiveCfg = Release|Any CPU
		{7837AED8-5421-415E-9573-99F8E3D53C68}.Release|Any CPU.Build.0 = Release|Any CPU
		{7837AED8-5421-415E-9573-99F8E3D53C68}.Release|x64.ActiveCfg = Release|Any CPU
		{7837AED8-5421-415E-9573-99F8E3D53C68}.Release|x64.Build.0 = Release|Any CPU
		{7837AED8-5421-415E-9573-99F8E3D53C68}.Release|x86.ActiveCfg = Release|Any CPU
		{7837AED8-5421-415E-9573-99F8E3D53C68}.Release|x86.Build.0 = Release|Any CPU
		{039E86CF-A179-4157-ADD7-62118456FCEC}.Debug|Any CPU.ActiveCfg = Debug|Any CPU
		{039E86CF-A179-4157-ADD7-62118456FCEC}.Debug|Any CPU.Build.0 = Debug|Any CPU
		{039E86CF-A179-4157-ADD7-62118456FCEC}.Debug|x64.ActiveCfg = Debug|Any CPU
		{039E86CF-A179-4157-ADD7-62118456FCEC}.Debug|x64.Build.0 = Debug|Any CPU
		{039E86CF-A179-4157-ADD7-62118456FCEC}.Debug|x86.ActiveCfg = Debug|Any CPU
		{039E86CF-A179-4157-ADD7-62118456FCEC}.Debug|x86.Build.0 = Debug|Any CPU
		{039E86CF-A179-4157-ADD7-62118456FCEC}.Release|Any CPU.ActiveCfg = Release|Any CPU
		{039E86CF-A179-4157-ADD7-62118456FCEC}.Release|Any CPU.Build.0 = Release|Any CPU
		{039E86CF-A179-4157-ADD7-62118456FCEC}.Release|x64.ActiveCfg = Release|Any CPU
		{039E86CF-A179-4157-ADD7-62118456FCEC}.Release|x64.Build.0 = Release|Any CPU
		{039E86CF-A179-4157-ADD7-62118456FCEC}.Release|x86.ActiveCfg = Release|Any CPU
		{039E86CF-A179-4157-ADD7-62118456FCEC}.Release|x86.Build.0 = Release|Any CPU
		{3917B5FB-1727-4221-837F-C3F444557232}.Debug|Any CPU.ActiveCfg = Debug|Any CPU
		{3917B5FB-1727-4221-837F-C3F444557232}.Debug|Any CPU.Build.0 = Debug|Any CPU
		{3917B5FB-1727-4221-837F-C3F444557232}.Debug|x64.ActiveCfg = Debug|Any CPU
		{3917B5FB-1727-4221-837F-C3F444557232}.Debug|x64.Build.0 = Debug|Any CPU
		{3917B5FB-1727-4221-837F-C3F444557232}.Debug|x86.ActiveCfg = Debug|Any CPU
		{3917B5FB-1727-4221-837F-C3F444557232}.Debug|x86.Build.0 = Debug|Any CPU
		{3917B5FB-1727-4221-837F-C3F444557232}.Release|Any CPU.ActiveCfg = Release|Any CPU
		{3917B5FB-1727-4221-837F-C3F444557232}.Release|Any CPU.Build.0 = Release|Any CPU
		{3917B5FB-1727-4221-837F-C3F444557232}.Release|x64.ActiveCfg = Release|Any CPU
		{3917B5FB-1727-4221-837F-C3F444557232}.Release|x64.Build.0 = Release|Any CPU
		{3917B5FB-1727-4221-837F-C3F444557232}.Release|x86.ActiveCfg = Release|Any CPU
		{3917B5FB-1727-4221-837F-C3F444557232}.Release|x86.Build.0 = Release|Any CPU
		{68AFE617-D632-44A6-806A-9FCCCB2384E6}.Debug|Any CPU.ActiveCfg = Debug|Any CPU
		{68AFE617-D632-44A6-806A-9FCCCB2384E6}.Debug|Any CPU.Build.0 = Debug|Any CPU
		{68AFE617-D632-44A6-806A-9FCCCB2384E6}.Debug|x64.ActiveCfg = Debug|Any CPU
		{68AFE617-D632-44A6-806A-9FCCCB2384E6}.Debug|x64.Build.0 = Debug|Any CPU
		{68AFE617-D632-44A6-806A-9FCCCB2384E6}.Debug|x86.ActiveCfg = Debug|Any CPU
		{68AFE617-D632-44A6-806A-9FCCCB2384E6}.Debug|x86.Build.0 = Debug|Any CPU
		{68AFE617-D632-44A6-806A-9FCCCB2384E6}.Release|Any CPU.ActiveCfg = Release|Any CPU
		{68AFE617-D632-44A6-806A-9FCCCB2384E6}.Release|Any CPU.Build.0 = Release|Any CPU
		{68AFE617-D632-44A6-806A-9FCCCB2384E6}.Release|x64.ActiveCfg = Release|Any CPU
		{68AFE617-D632-44A6-806A-9FCCCB2384E6}.Release|x64.Build.0 = Release|Any CPU
		{68AFE617-D632-44A6-806A-9FCCCB2384E6}.Release|x86.ActiveCfg = Release|Any CPU
		{68AFE617-D632-44A6-806A-9FCCCB2384E6}.Release|x86.Build.0 = Release|Any CPU
		{DDEF51B8-541A-4B2E-8FC4-4BD0985FB184}.Debug|Any CPU.ActiveCfg = Debug|Any CPU
		{DDEF51B8-541A-4B2E-8FC4-4BD0985FB184}.Debug|Any CPU.Build.0 = Debug|Any CPU
		{DDEF51B8-541A-4B2E-8FC4-4BD0985FB184}.Debug|x64.ActiveCfg = Debug|Any CPU
		{DDEF51B8-541A-4B2E-8FC4-4BD0985FB184}.Debug|x64.Build.0 = Debug|Any CPU
		{DDEF51B8-541A-4B2E-8FC4-4BD0985FB184}.Debug|x86.ActiveCfg = Debug|Any CPU
		{DDEF51B8-541A-4B2E-8FC4-4BD0985FB184}.Debug|x86.Build.0 = Debug|Any CPU
		{DDEF51B8-541A-4B2E-8FC4-4BD0985FB184}.Release|Any CPU.ActiveCfg = Release|Any CPU
		{DDEF51B8-541A-4B2E-8FC4-4BD0985FB184}.Release|Any CPU.Build.0 = Release|Any CPU
		{DDEF51B8-541A-4B2E-8FC4-4BD0985FB184}.Release|x64.ActiveCfg = Release|Any CPU
		{DDEF51B8-541A-4B2E-8FC4-4BD0985FB184}.Release|x64.Build.0 = Release|Any CPU
		{DDEF51B8-541A-4B2E-8FC4-4BD0985FB184}.Release|x86.ActiveCfg = Release|Any CPU
		{DDEF51B8-541A-4B2E-8FC4-4BD0985FB184}.Release|x86.Build.0 = Release|Any CPU
		{E634BF95-B35B-4AE5-8BAF-BD711F2B8F6F}.Debug|Any CPU.ActiveCfg = Debug|Any CPU
		{E634BF95-B35B-4AE5-8BAF-BD711F2B8F6F}.Debug|Any CPU.Build.0 = Debug|Any CPU
		{E634BF95-B35B-4AE5-8BAF-BD711F2B8F6F}.Debug|x64.ActiveCfg = Debug|Any CPU
		{E634BF95-B35B-4AE5-8BAF-BD711F2B8F6F}.Debug|x64.Build.0 = Debug|Any CPU
		{E634BF95-B35B-4AE5-8BAF-BD711F2B8F6F}.Debug|x86.ActiveCfg = Debug|Any CPU
		{E634BF95-B35B-4AE5-8BAF-BD711F2B8F6F}.Debug|x86.Build.0 = Debug|Any CPU
		{E634BF95-B35B-4AE5-8BAF-BD711F2B8F6F}.Release|Any CPU.ActiveCfg = Release|Any CPU
		{E634BF95-B35B-4AE5-8BAF-BD711F2B8F6F}.Release|Any CPU.Build.0 = Release|Any CPU
		{E634BF95-B35B-4AE5-8BAF-BD711F2B8F6F}.Release|x64.ActiveCfg = Release|Any CPU
		{E634BF95-B35B-4AE5-8BAF-BD711F2B8F6F}.Release|x64.Build.0 = Release|Any CPU
		{E634BF95-B35B-4AE5-8BAF-BD711F2B8F6F}.Release|x86.ActiveCfg = Release|Any CPU
		{E634BF95-B35B-4AE5-8BAF-BD711F2B8F6F}.Release|x86.Build.0 = Release|Any CPU
		{48262A50-74DB-4A34-87FB-3BF85D124F50}.Debug|Any CPU.ActiveCfg = Debug|Any CPU
		{48262A50-74DB-4A34-87FB-3BF85D124F50}.Debug|Any CPU.Build.0 = Debug|Any CPU
		{48262A50-74DB-4A34-87FB-3BF85D124F50}.Debug|x64.ActiveCfg = Debug|Any CPU
		{48262A50-74DB-4A34-87FB-3BF85D124F50}.Debug|x64.Build.0 = Debug|Any CPU
		{48262A50-74DB-4A34-87FB-3BF85D124F50}.Debug|x86.ActiveCfg = Debug|Any CPU
		{48262A50-74DB-4A34-87FB-3BF85D124F50}.Debug|x86.Build.0 = Debug|Any CPU
		{48262A50-74DB-4A34-87FB-3BF85D124F50}.Release|Any CPU.ActiveCfg = Release|Any CPU
		{48262A50-74DB-4A34-87FB-3BF85D124F50}.Release|Any CPU.Build.0 = Release|Any CPU
		{48262A50-74DB-4A34-87FB-3BF85D124F50}.Release|x64.ActiveCfg = Release|Any CPU
		{48262A50-74DB-4A34-87FB-3BF85D124F50}.Release|x64.Build.0 = Release|Any CPU
		{48262A50-74DB-4A34-87FB-3BF85D124F50}.Release|x86.ActiveCfg = Release|Any CPU
		{48262A50-74DB-4A34-87FB-3BF85D124F50}.Release|x86.Build.0 = Release|Any CPU
		{C3364877-D4AB-451D-9FDF-D94AF7E0E6D4}.Debug|Any CPU.ActiveCfg = Debug|Any CPU
		{C3364877-D4AB-451D-9FDF-D94AF7E0E6D4}.Debug|Any CPU.Build.0 = Debug|Any CPU
		{C3364877-D4AB-451D-9FDF-D94AF7E0E6D4}.Debug|x64.ActiveCfg = Debug|Any CPU
		{C3364877-D4AB-451D-9FDF-D94AF7E0E6D4}.Debug|x64.Build.0 = Debug|Any CPU
		{C3364877-D4AB-451D-9FDF-D94AF7E0E6D4}.Debug|x86.ActiveCfg = Debug|Any CPU
		{C3364877-D4AB-451D-9FDF-D94AF7E0E6D4}.Debug|x86.Build.0 = Debug|Any CPU
		{C3364877-D4AB-451D-9FDF-D94AF7E0E6D4}.Release|Any CPU.ActiveCfg = Release|Any CPU
		{C3364877-D4AB-451D-9FDF-D94AF7E0E6D4}.Release|Any CPU.Build.0 = Release|Any CPU
		{C3364877-D4AB-451D-9FDF-D94AF7E0E6D4}.Release|x64.ActiveCfg = Release|Any CPU
		{C3364877-D4AB-451D-9FDF-D94AF7E0E6D4}.Release|x64.Build.0 = Release|Any CPU
		{C3364877-D4AB-451D-9FDF-D94AF7E0E6D4}.Release|x86.ActiveCfg = Release|Any CPU
		{C3364877-D4AB-451D-9FDF-D94AF7E0E6D4}.Release|x86.Build.0 = Release|Any CPU
		{9377B91D-9414-4EDC-A61E-0C8449AAF19D}.Debug|Any CPU.ActiveCfg = Debug|Any CPU
		{9377B91D-9414-4EDC-A61E-0C8449AAF19D}.Debug|Any CPU.Build.0 = Debug|Any CPU
		{9377B91D-9414-4EDC-A61E-0C8449AAF19D}.Debug|x64.ActiveCfg = Debug|Any CPU
		{9377B91D-9414-4EDC-A61E-0C8449AAF19D}.Debug|x64.Build.0 = Debug|Any CPU
		{9377B91D-9414-4EDC-A61E-0C8449AAF19D}.Debug|x86.ActiveCfg = Debug|Any CPU
		{9377B91D-9414-4EDC-A61E-0C8449AAF19D}.Debug|x86.Build.0 = Debug|Any CPU
		{9377B91D-9414-4EDC-A61E-0C8449AAF19D}.Release|Any CPU.ActiveCfg = Release|Any CPU
		{9377B91D-9414-4EDC-A61E-0C8449AAF19D}.Release|Any CPU.Build.0 = Release|Any CPU
		{9377B91D-9414-4EDC-A61E-0C8449AAF19D}.Release|x64.ActiveCfg = Release|Any CPU
		{9377B91D-9414-4EDC-A61E-0C8449AAF19D}.Release|x64.Build.0 = Release|Any CPU
		{9377B91D-9414-4EDC-A61E-0C8449AAF19D}.Release|x86.ActiveCfg = Release|Any CPU
		{9377B91D-9414-4EDC-A61E-0C8449AAF19D}.Release|x86.Build.0 = Release|Any CPU
		{7F6403C0-B94E-4A32-BC75-0706E771262D}.Debug|Any CPU.ActiveCfg = Debug|Any CPU
		{7F6403C0-B94E-4A32-BC75-0706E771262D}.Debug|Any CPU.Build.0 = Debug|Any CPU
		{7F6403C0-B94E-4A32-BC75-0706E771262D}.Debug|x64.ActiveCfg = Debug|Any CPU
		{7F6403C0-B94E-4A32-BC75-0706E771262D}.Debug|x64.Build.0 = Debug|Any CPU
		{7F6403C0-B94E-4A32-BC75-0706E771262D}.Debug|x86.ActiveCfg = Debug|Any CPU
		{7F6403C0-B94E-4A32-BC75-0706E771262D}.Debug|x86.Build.0 = Debug|Any CPU
		{7F6403C0-B94E-4A32-BC75-0706E771262D}.Release|Any CPU.ActiveCfg = Release|Any CPU
		{7F6403C0-B94E-4A32-BC75-0706E771262D}.Release|Any CPU.Build.0 = Release|Any CPU
		{7F6403C0-B94E-4A32-BC75-0706E771262D}.Release|x64.ActiveCfg = Release|Any CPU
		{7F6403C0-B94E-4A32-BC75-0706E771262D}.Release|x64.Build.0 = Release|Any CPU
		{7F6403C0-B94E-4A32-BC75-0706E771262D}.Release|x86.ActiveCfg = Release|Any CPU
		{7F6403C0-B94E-4A32-BC75-0706E771262D}.Release|x86.Build.0 = Release|Any CPU
		{015CA5D9-94EC-4865-B622-0161B031D437}.Debug|Any CPU.ActiveCfg = Debug|Any CPU
		{015CA5D9-94EC-4865-B622-0161B031D437}.Debug|Any CPU.Build.0 = Debug|Any CPU
		{015CA5D9-94EC-4865-B622-0161B031D437}.Debug|x64.ActiveCfg = Debug|Any CPU
		{015CA5D9-94EC-4865-B622-0161B031D437}.Debug|x64.Build.0 = Debug|Any CPU
		{015CA5D9-94EC-4865-B622-0161B031D437}.Debug|x86.ActiveCfg = Debug|Any CPU
		{015CA5D9-94EC-4865-B622-0161B031D437}.Debug|x86.Build.0 = Debug|Any CPU
		{015CA5D9-94EC-4865-B622-0161B031D437}.Release|Any CPU.ActiveCfg = Release|Any CPU
		{015CA5D9-94EC-4865-B622-0161B031D437}.Release|Any CPU.Build.0 = Release|Any CPU
		{015CA5D9-94EC-4865-B622-0161B031D437}.Release|x64.ActiveCfg = Release|Any CPU
		{015CA5D9-94EC-4865-B622-0161B031D437}.Release|x64.Build.0 = Release|Any CPU
		{015CA5D9-94EC-4865-B622-0161B031D437}.Release|x86.ActiveCfg = Release|Any CPU
		{015CA5D9-94EC-4865-B622-0161B031D437}.Release|x86.Build.0 = Release|Any CPU
	EndGlobalSection
EndGlobal
